{
  "originHash" : "6629af3c70cbc0c05a654baffde5560ced17351d61c4eefc5daee513bba76813",
  "pins" : [
    {
      "identity" : "compositions",
      "kind" : "remoteSourceControl",
      "location" : "https://github.com/leviouwendijk/Compositions.git",
      "state" : {
        "branch" : "master",
        "revision" : "73ad97d002b57ddf447fc2c6b3b577a1d3d213eb"
      }
    },
    {
      "identity" : "economics",
      "kind" : "remoteSourceControl",
      "location" : "https://github.com/leviouwendijk/Economics.git",
      "state" : {
        "branch" : "master",
        "revision" : "3a0813443c3144bcbdb53d29925a8a5f12bc7618"
      }
    },
    {
      "identity" : "implementations",
      "kind" : "remoteSourceControl",
      "location" : "https://github.com/leviouwendijk/Implementations.git",
      "state" : {
        "branch" : "master",
        "revision" : "70a38db8953f2e335aa9b9f3f0d73c29ddb694e6"
      }
    },
    {
      "identity" : "interfaces",
      "kind" : "remoteSourceControl",
      "location" : "https://github.com/leviouwendijk/Interfaces.git",
      "state" : {
        "branch" : "master",
        "revision" : "f0959ed0313b3625af8047c4c053df4882e10229"
      }
    },
    {
      "identity" : "plate",
      "kind" : "remoteSourceControl",
      "location" : "https://github.com/leviouwendijk/plate.git",
      "state" : {
        "branch" : "master",
        "revision" : "35e146b69bc30566f3ddb51138b290a671003051"
      }
    },
    {
      "identity" : "structures",
      "kind" : "remoteSourceControl",
      "location" : "https://github.com/leviouwendijk/Structures.git",
      "state" : {
        "branch" : "master",
        "revision" : "2074a351da3751bde391951a70bacbc08091d180"
      }
    },
    {
      "identity" : "viewcomponents",
      "kind" : "remoteSourceControl",
      "location" : "https://github.com/leviouwendijk/ViewComponents.git",
      "state" : {
        "branch" : "master",
        "revision" : "cb7b1a53a13e4257554243b067f8223e53c43038"
      }
    }
  ],
  "version" : 3
}
